
Microsoft Visual Studio Solution File, Format Version 12.00
# Visual Studio Version 17
VisualStudioVersion = 17.4.33213.308
MinimumVisualStudioVersion = 10.0.40219.1
Project("{FAE04EC0-301F-11D3-BF4B-00C04F79EFBC}") = "MatrimonyMVC", "MatrimonyMVC\MatrimonyMVC.csproj", "{55A2542F-40B5-49B4-A3EB-B10A4739FF02}"
EndProject
Global
	GlobalSection(SolutionConfigurationPlatforms) = preSolution
		Debug|Any CPU = Debug|Any CPU
		Release|Any CPU = Release|Any CPU
	EndGlobalSection
	GlobalSection(ProjectConfigurationPlatforms) = postSolution
		{55A2542F-40B5-49B4-A3EB-B10A4739FF02}.Debug|Any CPU.ActiveCfg = Debug|Any CPU
		{55A2542F-40B5-49B4-A3EB-B10A4739FF02}.Debug|Any CPU.Build.0 = Debug|Any CPU
		{55A2542F-40B5-49B4-A3EB-B10A4739FF02}.Release|Any CPU.ActiveCfg = Release|Any CPU
		{55A2542F-40B5-49B4-A3EB-B10A4739FF02}.Release|Any CPU.Build.0 = Release|Any CPU
	EndGlobalSection
	GlobalSection(SolutionProperties) = preSolution
		HideSolutionNode = FALSE
	EndGlobalSection
	GlobalSection(ExtensibilityGlobals) = postSolution
		SolutionGuid = {E67535F5-E2BC-4669-8265-85A028A9C1DD}
	EndGlobalSection
EndGlobal
